// !$*UTF8*$!
{
	archiveVersion = 1;
	classes = {
	};
	objectVersion = 51;
	objects = {

/* Begin PBXBuildFile section */
		0B7E4FA41AE099B42483606A /* Pods_FirebaseChatApp.framework in Frameworks */ = {isa = PBXBuildFile; fileRef = 48FCCE0380C1B8F9D15A4E8A /* Pods_FirebaseChatApp.framework */; };
		C24D2CD722E81DE500451B8B /* AppDelegate.swift in Sources */ = {isa = PBXBuildFile; fileRef = C24D2CD622E81DE500451B8B /* AppDelegate.swift */; };
		C24D2CD922E81DE500451B8B /* ViewController.swift in Sources */ = {isa = PBXBuildFile; fileRef = C24D2CD822E81DE500451B8B /* ViewController.swift */; };
		C24D2CDE22E81DEA00451B8B /* Assets.xcassets in Resources */ = {isa = PBXBuildFile; fileRef = C24D2CDD22E81DEA00451B8B /* Assets.xcassets */; };
		C24D2CE122E81DEA00451B8B /* LaunchScreen.storyboard in Resources */ = {isa = PBXBuildFile; fileRef = C24D2CDF22E81DEA00451B8B /* LaunchScreen.storyboard */; };
		C24D2CEA22E8892B00451B8B /* LoginViewController.swift in Sources */ = {isa = PBXBuildFile; fileRef = C24D2CE922E8892B00451B8B /* LoginViewController.swift */; };
		C2CE8AE022EC2BEA0070DAD7 /* GoogleService-Info.plist in Resources */ = {isa = PBXBuildFile; fileRef = C2CE8ADF22EC2BEA0070DAD7 /* GoogleService-Info.plist */; };
		C2EE024422EAD49C0004EAC8 /* Constant.swift in Sources */ = {isa = PBXBuildFile; fileRef = C2EE024322EAD49C0004EAC8 /* Constant.swift */; };
		C2EE024622EAE28B0004EAC8 /* UITextField+Helpers.swift in Sources */ = {isa = PBXBuildFile; fileRef = C2EE024522EAE28B0004EAC8 /* UITextField+Helpers.swift */; };
		C2EE024822EAE3490004EAC8 /* UIColor+Mix.swift in Sources */ = {isa = PBXBuildFile; fileRef = C2EE024722EAE3490004EAC8 /* UIColor+Mix.swift */; };
/* End PBXBuildFile section */

/* Begin PBXFileReference section */
		48FCCE0380C1B8F9D15A4E8A /* Pods_FirebaseChatApp.framework */ = {isa = PBXFileReference; explicitFileType = wrapper.framework; includeInIndex = 0; path = Pods_FirebaseChatApp.framework; sourceTree = BUILT_PRODUCTS_DIR; };
		5E7FD95A7F648016C159CE12 /* Pods-FirebaseChatApp.debug.xcconfig */ = {isa = PBXFileReference; includeInIndex = 1; lastKnownFileType = text.xcconfig; name = "Pods-FirebaseChatApp.debug.xcconfig"; path = "Target Support Files/Pods-FirebaseChatApp/Pods-FirebaseChatApp.debug.xcconfig"; sourceTree = "<group>"; };
		C24D2CD322E81DE500451B8B /* FirebaseChatApp.app */ = {isa = PBXFileReference; explicitFileType = wrapper.application; includeInIndex = 0; path = FirebaseChatApp.app; sourceTree = BUILT_PRODUCTS_DIR; };
		C24D2CD622E81DE500451B8B /* AppDelegate.swift */ = {isa = PBXFileReference; lastKnownFileType = sourcecode.swift; path = AppDelegate.swift; sourceTree = "<group>"; };
		C24D2CD822E81DE500451B8B /* ViewController.swift */ = {isa = PBXFileReference; lastKnownFileType = sourcecode.swift; path = ViewController.swift; sourceTree = "<group>"; };
		C24D2CDD22E81DEA00451B8B /* Assets.xcassets */ = {isa = PBXFileReference; lastKnownFileType = folder.assetcatalog; path = Assets.xcassets; sourceTree = "<group>"; };
		C24D2CE022E81DEA00451B8B /* Base */ = {isa = PBXFileReference; lastKnownFileType = file.storyboard; name = Base; path = Base.lproj/LaunchScreen.storyboard; sourceTree = "<group>"; };
		C24D2CE222E81DEA00451B8B /* Info.plist */ = {isa = PBXFileReference; lastKnownFileType = text.plist.xml; path = Info.plist; sourceTree = "<group>"; };
		C24D2CE922E8892B00451B8B /* LoginViewController.swift */ = {isa = PBXFileReference; lastKnownFileType = sourcecode.swift; path = LoginViewController.swift; sourceTree = "<group>"; };
		C2CE8ADF22EC2BEA0070DAD7 /* GoogleService-Info.plist */ = {isa = PBXFileReference; fileEncoding = 4; lastKnownFileType = text.plist.xml; path = "GoogleService-Info.plist"; sourceTree = "<group>"; };
		C2EE024322EAD49C0004EAC8 /* Constant.swift */ = {isa = PBXFileReference; lastKnownFileType = sourcecode.swift; path = Constant.swift; sourceTree = "<group>"; };
		C2EE024522EAE28B0004EAC8 /* UITextField+Helpers.swift */ = {isa = PBXFileReference; lastKnownFileType = sourcecode.swift; path = "UITextField+Helpers.swift"; sourceTree = "<group>"; };
		C2EE024722EAE3490004EAC8 /* UIColor+Mix.swift */ = {isa = PBXFileReference; lastKnownFileType = sourcecode.swift; path = "UIColor+Mix.swift"; sourceTree = "<group>"; };
		DE50ABCB6224F77C32BDF061 /* Pods-FirebaseChatApp.release.xcconfig */ = {isa = PBXFileReference; includeInIndex = 1; lastKnownFileType = text.xcconfig; name = "Pods-FirebaseChatApp.release.xcconfig"; path = "Target Support Files/Pods-FirebaseChatApp/Pods-FirebaseChatApp.release.xcconfig"; sourceTree = "<group>"; };
/* End PBXFileReference section */

/* Begin PBXFrameworksBuildPhase section */
		C24D2CD022E81DE500451B8B /* Frameworks */ = {
			isa = PBXFrameworksBuildPhase;
			buildActionMask = 2147483647;
			files = (
				0B7E4FA41AE099B42483606A /* Pods_FirebaseChatApp.framework in Frameworks */,
			);
			runOnlyForDeploymentPostprocessing = 0;
		};
/* End PBXFrameworksBuildPhase section */

/* Begin PBXGroup section */
		59FFFFD09AE8174CF7976C42 /* Pods */ = {
			isa = PBXGroup;
			children = (
				5E7FD95A7F648016C159CE12 /* Pods-FirebaseChatApp.debug.xcconfig */,
				DE50ABCB6224F77C32BDF061 /* Pods-FirebaseChatApp.release.xcconfig */,
			);
			path = Pods;
			sourceTree = "<group>";
		};
		74B8D2327B522E065998B2A6 /* Frameworks */ = {
			isa = PBXGroup;
			children = (
				48FCCE0380C1B8F9D15A4E8A /* Pods_FirebaseChatApp.framework */,
			);
			name = Frameworks;
			sourceTree = "<group>";
		};
		C24D2CCA22E81DE500451B8B = {
			isa = PBXGroup;
			children = (
				C24D2CD522E81DE500451B8B /* FirebaseChatApp */,
				C24D2CD422E81DE500451B8B /* Products */,
				59FFFFD09AE8174CF7976C42 /* Pods */,
				74B8D2327B522E065998B2A6 /* Frameworks */,
			);
			sourceTree = "<group>";
		};
		C24D2CD422E81DE500451B8B /* Products */ = {
			isa = PBXGroup;
			children = (
				C24D2CD322E81DE500451B8B /* FirebaseChatApp.app */,
			);
			name = Products;
			sourceTree = "<group>";
		};
		C24D2CD522E81DE500451B8B /* FirebaseChatApp */ = {
			isa = PBXGroup;
			children = (
				C2CE8ADE22EC2BD00070DAD7 /* SupportingFiles */,
				C2EE024222EAD4800004EAC8 /* Helpers */,
				C24D2CE822E888B800451B8B /* Controller */,
				C24D2CD622E81DE500451B8B /* AppDelegate.swift */,
				C24D2CD822E81DE500451B8B /* ViewController.swift */,
				C24D2CDD22E81DEA00451B8B /* Assets.xcassets */,
				C24D2CDF22E81DEA00451B8B /* LaunchScreen.storyboard */,
				C24D2CE222E81DEA00451B8B /* Info.plist */,
			);
			path = FirebaseChatApp;
			sourceTree = "<group>";
		};
		C24D2CE822E888B800451B8B /* Controller */ = {
			isa = PBXGroup;
			children = (
				C24D2CE922E8892B00451B8B /* LoginViewController.swift */,
			);
			path = Controller;
			sourceTree = "<group>";
		};
		C2CE8ADE22EC2BD00070DAD7 /* SupportingFiles */ = {
			isa = PBXGroup;
			children = (
				C2CE8ADF22EC2BEA0070DAD7 /* GoogleService-Info.plist */,
			);
			path = SupportingFiles;
			sourceTree = "<group>";
		};
		C2EE024222EAD4800004EAC8 /* Helpers */ = {
			isa = PBXGroup;
			children = (
				C2EE024322EAD49C0004EAC8 /* Constant.swift */,
				C2EE024522EAE28B0004EAC8 /* UITextField+Helpers.swift */,
				C2EE024722EAE3490004EAC8 /* UIColor+Mix.swift */,
			);
			path = Helpers;
			sourceTree = "<group>";
		};
/* End PBXGroup section */

/* Begin PBXNativeTarget section */
		C24D2CD222E81DE500451B8B /* FirebaseChatApp */ = {
			isa = PBXNativeTarget;
			buildConfigurationList = C24D2CE522E81DEA00451B8B /* Build configuration list for PBXNativeTarget "FirebaseChatApp" */;
			buildPhases = (
				71898902EECD645E5DCE809D /* [CP] Check Pods Manifest.lock */,
				C24D2CCF22E81DE500451B8B /* Sources */,
				C24D2CD022E81DE500451B8B /* Frameworks */,
				C24D2CD122E81DE500451B8B /* Resources */,
				E077483C836F4B7391B481D3 /* [CP] Embed Pods Frameworks */,
			);
			buildRules = (
			);
			dependencies = (
			);
			name = FirebaseChatApp;
			productName = FirebaseChatApp;
			productReference = C24D2CD322E81DE500451B8B /* FirebaseChatApp.app */;
			productType = "com.apple.product-type.application";
		};
/* End PBXNativeTarget section */

/* Begin PBXProject section */
		C24D2CCB22E81DE500451B8B /* Project object */ = {
			isa = PBXProject;
			attributes = {
				LastSwiftUpdateCheck = 1020;
				LastUpgradeCheck = 1020;
				ORGANIZATIONNAME = Saurabh;
				TargetAttributes = {
					C24D2CD222E81DE500451B8B = {
						CreatedOnToolsVersion = 10.2.1;
					};
				};
			};
			buildConfigurationList = C24D2CCE22E81DE500451B8B /* Build configuration list for PBXProject "FirebaseChatApp" */;
			compatibilityVersion = "Xcode 9.3";
			developmentRegion = en;
			hasScannedForEncodings = 0;
			knownRegions = (
				en,
				Base,
			);
			mainGroup = C24D2CCA22E81DE500451B8B;
			productRefGroup = C24D2CD422E81DE500451B8B /* Products */;
			projectDirPath = "";
			projectRoot = "";
			targets = (
				C24D2CD222E81DE500451B8B /* FirebaseChatApp */,
			);
		};
/* End PBXProject section */

/* Begin PBXResourcesBuildPhase section */
		C24D2CD122E81DE500451B8B /* Resources */ = {
			isa = PBXResourcesBuildPhase;
			buildActionMask = 2147483647;
			files = (
				C24D2CE122E81DEA00451B8B /* LaunchScreen.storyboard in Resources */,
				C2CE8AE022EC2BEA0070DAD7 /* GoogleService-Info.plist in Resources */,
				C24D2CDE22E81DEA00451B8B /* Assets.xcassets in Resources */,
			);
			runOnlyForDeploymentPostprocessing = 0;
		};
/* End PBXResourcesBuildPhase section */

/* Begin PBXShellScriptBuildPhase section */
		71898902EECD645E5DCE809D /* [CP] Check Pods Manifest.lock */ = {
			isa = PBXShellScriptBuildPhase;
			buildActionMask = 2147483647;
			files = (
			);
			inputFileListPaths = (
			);
			inputPaths = (
				"${PODS_PODFILE_DIR_PATH}/Podfile.lock",
				"${PODS_ROOT}/Manifest.lock",
			);
			name = "[CP] Check Pods Manifest.lock";
			outputFileListPaths = (
			);
			outputPaths = (
				"$(DERIVED_FILE_DIR)/Pods-FirebaseChatApp-checkManifestLockResult.txt",
			);
			runOnlyForDeploymentPostprocessing = 0;
			shellPath = /bin/sh;
			shellScript = "diff \"${PODS_PODFILE_DIR_PATH}/Podfile.lock\" \"${PODS_ROOT}/Manifest.lock\" > /dev/null\nif [ $? != 0 ] ; then\n    # print error to STDERR\n    echo \"error: The sandbox is not in sync with the Podfile.lock. Run 'pod install' or update your CocoaPods installation.\" >&2\n    exit 1\nfi\n# This output is used by Xcode 'outputs' to avoid re-running this script phase.\necho \"SUCCESS\" > \"${SCRIPT_OUTPUT_FILE_0}\"\n";
			showEnvVarsInLog = 0;
		};
		E077483C836F4B7391B481D3 /* [CP] Embed Pods Frameworks */ = {
			isa = PBXShellScriptBuildPhase;
			buildActionMask = 2147483647;
			files = (
			);
			inputFileListPaths = (
				"${PODS_ROOT}/Target Support Files/Pods-FirebaseChatApp/Pods-FirebaseChatApp-frameworks-${CONFIGURATION}-input-files.xcfilelist",
			);
			name = "[CP] Embed Pods Frameworks";
			outputFileListPaths = (
				"${PODS_ROOT}/Target Support Files/Pods-FirebaseChatApp/Pods-FirebaseChatApp-frameworks-${CONFIGURATION}-output-files.xcfilelist",
			);
			runOnlyForDeploymentPostprocessing = 0;
			shellPath = /bin/sh;
			shellScript = "\"${PODS_ROOT}/Target Support Files/Pods-FirebaseChatApp/Pods-FirebaseChatApp-frameworks.sh\"\n";
			showEnvVarsInLog = 0;
		};
/* End PBXShellScriptBuildPhase section */

/* Begin PBXSourcesBuildPhase section */
		C24D2CCF22E81DE500451B8B /* Sources */ = {
			isa = PBXSourcesBuildPhase;
			buildActionMask = 2147483647;
			files = (
				C2EE024822EAE3490004EAC8 /* UIColor+Mix.swift in Sources */,
				C24D2CEA22E8892B00451B8B /* LoginViewController.swift in Sources */,
				C24D2CD922E81DE500451B8B /* ViewController.swift in Sources */,
				C24D2CD722E81DE500451B8B /* AppDelegate.swift in Sources */,
				C2EE024622EAE28B0004EAC8 /* UITextField+Helpers.swift in Sources */,
				C2EE024422EAD49C0004EAC8 /* Constant.swift in Sources */,
			);
			runOnlyForDeploymentPostprocessing = 0;
		};
/* End PBXSourcesBuildPhase section */

/* Begin PBXVariantGroup section */
		C24D2CDF22E81DEA00451B8B /* LaunchScreen.storyboard */ = {
			isa = PBXVariantGroup;
			children = (
				C24D2CE022E81DEA00451B8B /* Base */,
			);
			name = LaunchScreen.storyboard;
			sourceTree = "<group>";
		};
/* End PBXVariantGroup section */

/* Begin XCBuildConfiguration section */
		C24D2CE322E81DEA00451B8B /* Debug */ = {
			isa = XCBuildConfiguration;
			buildSettings = {
				ALWAYS_SEARCH_USER_PATHS = NO;
				CLANG_ANALYZER_NONNULL = YES;
				CLANG_ANALYZER_NUMBER_OBJECT_CONVERSION = YES_AGGRESSIVE;
				CLANG_CXX_LANGUAGE_STANDARD = "gnu++14";
				CLANG_CXX_LIBRARY = "libc++";
				CLANG_ENABLE_MODULES = YES;
				CLANG_ENABLE_OBJC_ARC = YES;
				CLANG_ENABLE_OBJC_WEAK = YES;
				CLANG_WARN_BLOCK_CAPTURE_AUTORELEASING = YES;
				CLANG_WARN_BOOL_CONVERSION = YES;
				CLANG_WARN_COMMA = YES;
				CLANG_WARN_CONSTANT_CONVERSION = YES;
				CLANG_WARN_DEPRECATED_OBJC_IMPLEMENTATIONS = YES;
				CLANG_WARN_DIRECT_OBJC_ISA_USAGE = YES_ERROR;
				CLANG_WARN_DOCUMENTATION_COMMENTS = YES;
				CLANG_WARN_EMPTY_BODY = YES;
				CLANG_WARN_ENUM_CONVERSION = YES;
				CLANG_WARN_INFINITE_RECURSION = YES;
				CLANG_WARN_INT_CONVERSION = YES;
				CLANG_WARN_NON_LITERAL_NULL_CONVERSION = YES;
				CLANG_WARN_OBJC_IMPLICIT_RETAIN_SELF = YES;
				CLANG_WARN_OBJC_LITERAL_CONVERSION = YES;
				CLANG_WARN_OBJC_ROOT_CLASS = YES_ERROR;
				CLANG_WARN_RANGE_LOOP_ANALYSIS = YES;
				CLANG_WARN_STRICT_PROTOTYPES = YES;
				CLANG_WARN_SUSPICIOUS_MOVE = YES;
				CLANG_WARN_UNGUARDED_AVAILABILITY = YES_AGGRESSIVE;
				CLANG_WARN_UNREACHABLE_CODE = YES;
				CLANG_WARN__DUPLICATE_METHOD_MATCH = YES;
				CODE_SIGN_IDENTITY = "iPhone Developer";
				COPY_PHASE_STRIP = NO;
				DEBUG_INFORMATION_FORMAT = dwarf;
				ENABLE_STRICT_OBJC_MSGSEND = YES;
				ENABLE_TESTABILITY = YES;
				GCC_C_LANGUAGE_STANDARD = gnu11;
				GCC_DYNAMIC_NO_PIC = NO;
				GCC_NO_COMMON_BLOCKS = YES;
				GCC_OPTIMIZATION_LEVEL = 0;
				GCC_PREPROCESSOR_DEFINITIONS = (
					"DEBUG=1",
					"$(inherited)",
				);
				GCC_WARN_64_TO_32_BIT_CONVERSION = YES;
				GCC_WARN_ABOUT_RETURN_TYPE = YES_ERROR;
				GCC_WARN_UNDECLARED_SELECTOR = YES;
				GCC_WARN_UNINITIALIZED_AUTOS = YES_AGGRESSIVE;
				GCC_WARN_UNUSED_FUNCTION = YES;
				GCC_WARN_UNUSED_VARIABLE = YES;
				IPHONEOS_DEPLOYMENT_TARGET = 12.2;
				MTL_ENABLE_DEBUG_INFO = INCLUDE_SOURCE;
				MTL_FAST_MATH = YES;
				ONLY_ACTIVE_ARCH = YES;
				SDKROOT = iphoneos;
				SWIFT_ACTIVE_COMPILATION_CONDITIONS = DEBUG;
				SWIFT_OPTIMIZATION_LEVEL = "-Onone";
			};
			name = Debug;
		};
		C24D2CE422E81DEA00451B8B /* Release */ = {
			isa = XCBuildConfiguration;
			buildSettings = {
				ALWAYS_SEARCH_USER_PATHS = NO;
				CLANG_ANALYZER_NONNULL = YES;
				CLANG_ANALYZER_NUMBER_OBJECT_CONVERSION = YES_AGGRESSIVE;
				CLANG_CXX_LANGUAGE_STANDARD = "gnu++14";
				CLANG_CXX_LIBRARY = "libc++";
				CLANG_ENABLE_MODULES = YES;
				CLANG_ENABLE_OBJC_ARC = YES;
				CLANG_ENABLE_OBJC_WEAK = YES;
				CLANG_WARN_BLOCK_CAPTURE_AUTORELEASING = YES;
				CLANG_WARN_BOOL_CONVERSION = YES;
				CLANG_WARN_COMMA = YES;
				CLANG_WARN_CONSTANT_CONVERSION = YES;
				CLANG_WARN_DEPRECATED_OBJC_IMPLEMENTATIONS = YES;
				CLANG_WARN_DIRECT_OBJC_ISA_USAGE = YES_ERROR;
				CLANG_WARN_DOCUMENTATION_COMMENTS = YES;
				CLANG_WARN_EMPTY_BODY = YES;
				CLANG_WARN_ENUM_CONVERSION = YES;
				CLANG_WARN_INFINITE_RECURSION = YES;
				CLANG_WARN_INT_CONVERSION = YES;
				CLANG_WARN_NON_LITERAL_NULL_CONVERSION = YES;
				CLANG_WARN_OBJC_IMPLICIT_RETAIN_SELF = YES;
				CLANG_WARN_OBJC_LITERAL_CONVERSION = YES;
				CLANG_WARN_OBJC_ROOT_CLASS = YES_ERROR;
				CLANG_WARN_RANGE_LOOP_ANALYSIS = YES;
				CLANG_WARN_STRICT_PROTOTYPES = YES;
				CLANG_WARN_SUSPICIOUS_MOVE = YES;
				CLANG_WARN_UNGUARDED_AVAILABILITY = YES_AGGRESSIVE;
				CLANG_WARN_UNREACHABLE_CODE = YES;
				CLANG_WARN__DUPLICATE_METHOD_MATCH = YES;
				CODE_SIGN_IDENTITY = "iPhone Developer";
				COPY_PHASE_STRIP = NO;
				DEBUG_INFORMATION_FORMAT = "dwarf-with-dsym";
				ENABLE_NS_ASSERTIONS = NO;
				ENABLE_STRICT_OBJC_MSGSEND = YES;
				GCC_C_LANGUAGE_STANDARD = gnu11;
				GCC_NO_COMMON_BLOCKS = YES;
				GCC_WARN_64_TO_32_BIT_CONVERSION = YES;
				GCC_WARN_ABOUT_RETURN_TYPE = YES_ERROR;
				GCC_WARN_UNDECLARED_SELECTOR = YES;
				GCC_WARN_UNINITIALIZED_AUTOS = YES_AGGRESSIVE;
				GCC_WARN_UNUSED_FUNCTION = YES;
				GCC_WARN_UNUSED_VARIABLE = YES;
				IPHONEOS_DEPLOYMENT_TARGET = 12.2;
				MTL_ENABLE_DEBUG_INFO = NO;
				MTL_FAST_MATH = YES;
				SDKROOT = iphoneos;
				SWIFT_COMPILATION_MODE = wholemodule;
				SWIFT_OPTIMIZATION_LEVEL = "-O";
				VALIDATE_PRODUCT = YES;
			};
			name = Release;
		};
		C24D2CE622E81DEA00451B8B /* Debug */ = {
			isa = XCBuildConfiguration;
			baseConfigurationReference = 5E7FD95A7F648016C159CE12 /* Pods-FirebaseChatApp.debug.xcconfig */;
			buildSettings = {
				ASSETCATALOG_COMPILER_APPICON_NAME = AppIcon;
				CODE_SIGN_IDENTITY = "iPhone Developer";
				CODE_SIGN_STYLE = Automatic;
				DEVELOPMENT_TEAM = "";
				INFOPLIST_FILE = FirebaseChatApp/Info.plist;
				LD_RUNPATH_SEARCH_PATHS = (
					"$(inherited)",
					"@executable_path/Frameworks",
				);
				PRODUCT_BUNDLE_IDENTIFIER = com.demo.chatpplication;
				PRODUCT_NAME = "$(TARGET_NAME)";
				PROVISIONING_PROFILE_SPECIFIER = "";
				SWIFT_VERSION = 5.0;
				TARGETED_DEVICE_FAMILY = "1,2";
			};
			name = Debug;
		};
		C24D2CE722E81DEA00451B8B /* Release */ = {
			isa = XCBuildConfiguration;
			baseConfigurationReference = DE50ABCB6224F77C32BDF061 /* Pods-FirebaseChatApp.release.xcconfig */;
			buildSettings = {
				ASSETCATALOG_COMPILER_APPICON_NAME = AppIcon;
				CODE_SIGN_IDENTITY = "iPhone Developer";
				CODE_SIGN_STYLE = Automatic;
				DEVELOPMENT_TEAM = "";
				INFOPLIST_FILE = FirebaseChatApp/Info.plist;
				LD_RUNPATH_SEARCH_PATHS = (
					"$(inherited)",
					"@executable_path/Frameworks",
				);
				PRODUCT_BUNDLE_IDENTIFIER = com.demo.chatpplication;
				PRODUCT_NAME = "$(TARGET_NAME)";
				PROVISIONING_PROFILE_SPECIFIER = "";
				SWIFT_VERSION = 5.0;
				TARGETED_DEVICE_FAMILY = "1,2";
			};
			name = Release;
		};
/* End XCBuildConfiguration section */

/* Begin XCConfigurationList section */
		C24D2CCE22E81DE500451B8B /* Build configuration list for PBXProject "FirebaseChatApp" */ = {
			isa = XCConfigurationList;
			buildConfigurations = (
				C24D2CE322E81DEA00451B8B /* Debug */,
				C24D2CE422E81DEA00451B8B /* Release */,
			);
			defaultConfigurationIsVisible = 0;
			defaultConfigurationName = Release;
		};
		C24D2CE522E81DEA00451B8B /* Build configuration list for PBXNativeTarget "FirebaseChatApp" */ = {
			isa = XCConfigurationList;
			buildConfigurations = (
				C24D2CE622E81DEA00451B8B /* Debug */,
				C24D2CE722E81DEA00451B8B /* Release */,
			);
			defaultConfigurationIsVisible = 0;
			defaultConfigurationName = Release;
		};
/* End XCConfigurationList section */
	};
	rootObject = C24D2CCB22E81DE500451B8B /* Project object */;
}
